{
  "version": 1,
  "dependencies": {
    "net10.0-windows7.0": {
      "Microsoft.AspNetCore.SignalR.Client": {
        "type": "Direct",
        "requested": "[10.0.12, )",
        "resolved": "10.0.12",
        "contentHash": "p5EFZrp20HlS1MbYkreyhHy4nXeq/LrXVLWbQLBuAz2eFCdSnKfoNVlxZYbFoEjzJxa68CYdEFe9ObCaYTUP8Q==",
        "dependencies": {
          "Microsoft.AspNetCore.Http.Connections.Client": "10.0.12",
          "Microsoft.AspNetCore.SignalR.Client.Core": "10.0.12"
        }
      },
      "Microsoft.NET.ILLink.Tasks": {
        "type": "Direct",
        "requested": "[10.0.12, )",
        "resolved": "10.0.12",
        "contentHash": "xi+BDjFpW+Sb+MHFHaH6Y/gV9I8BluFwRXc1QyCdoZbIK26eNiBeFuMTe/FMwc33G1wdHCyDg7CVTmb8OdQrMQ=="
      },
      "Microsoft.AspNetCore.Connections.Abstractions": {
        "type": "Transitive",
        "resolved": "10.0.12",
        "contentHash": "pP5CXSG//gboXUGrgRrrfWxEWJQ1DJLbTo5BulmPp+GaiWf/KbjCCujWlkh7rPTBSWAP+5s4KXti3JAF5akdxA==",
        "dependencies": {
          "Microsoft.Extensions.Features": "10.0.12"
        }
      },
      "Microsoft.AspNetCore.Http.Connections.Client": {
        "type": "Transitive",
        "resolved": "10.0.12",
        "contentHash": "HEO648tD8OyX6aUNQwJSl1eKQk5eQChuHTqpybv2ep7/518/M27yeDDFxAh2M/LW+22tbbooao6raNEHm7lBhA==",
        "dependencies": {
          "Microsoft.AspNetCore.Http.Connections.Common": "10.0.12",
          "Microsoft.Extensions.Logging.Abstractions": "10.0.12",
          "Microsoft.Extensions.Options": "10.0.12"
        }
      },
      "Microsoft.AspNetCore.Http.Connections.Common": {
        "type": "Transitive",
        "resolved": "10.0.12",
        "contentHash": "EyxNhHve9DXcRgbVGFdx14738QULLUREvDLHS/q9m28bwrBMMeZRnwNQcszowCuHt2cgKnYDwJwUaAJgByiigQ==",
        "dependencies": {
          "Microsoft.AspNetCore.Connections.Abstractions": "10.0.12"
        }
      },
      "Microsoft.AspNetCore.SignalR.Client.Core": {
        "type": "Transitive",
        "resolved": "10.0.12",
        "contentHash": "+kCyWCOvZteBkqfbpmoi+ejIR1XVJOY4ydDNYrYt1WdXv/ruJS4WjDfCizGZ5lvn/OmRdMuVdh8opopbNveQcw==",
        "dependencies": {
          "Microsoft.AspNetCore.SignalR.Common": "10.0.12",
          "Microsoft.AspNetCore.SignalR.Protocols.Json": "10.0.12",
          "Microsoft.Extensions.DependencyInjection": "10.0.12",
          "Microsoft.Extensions.Logging": "10.0.12"
        }
      },
      "Microsoft.AspNetCore.SignalR.Common": {
        "type": "Transitive",
        "resolved": "10.0.12",
        "contentHash": "7DDVLxtjLtBBfle9RxZhiYc0PTSD4rc0SV4FZiT3Tdz6NxlrcnPqcGWME9Mc0PtbQ+X5GSgyPeyjGfA/tSfG8A==",
        "dependencies": {
          "Microsoft.AspNetCore.Connections.Abstractions": "10.0.12",
          "Microsoft.Extensions.Options": "10.0.12"
        }
      },
      "Microsoft.AspNetCore.SignalR.Protocols.Json": {
        "type": "Transitive",
        "resolved": "10.0.12",
        "contentHash": "NVG8jfnuS850Cu4axdURINdArwKn/N+OyaA6A8/ERyWdflMMLFF25ZSEzAMnMD81rwNaPTVngTq0fE2xbuRwLQ==",
        "dependencies": {
          "Microsoft.AspNetCore.SignalR.Common": "10.0.12"
        }
      },
      "Microsoft.Extensions.DependencyInjection": {
        "type": "Transitive",
        "resolved": "10.0.12",
        "contentHash": "lXyK2O5GoYvfxW8eCFcD16JFbcoSTM1sJkAM0UHS1jZyl9NYMW64Tqm6OQFT0IDBjZi+xHt95/Zg+nxZhGFhZg==",
        "dependencies": {
          "Microsoft.Extensions.DependencyInjection.Abstractions": "10.0.12"
        }
      },
      "Microsoft.Extensions.DependencyInjection.Abstractions": {
        "type": "Transitive",
        "resolved": "10.0.12",
        "contentHash": "9/qymSh7hVDMGTGwrLz8MRp5zRyXy9adGDOs4HwRdnLil3oZGYuWeZjbmHgCQ9BL1qBroVfgUK3U/nb61617Cw=="
      },
      "Microsoft.Extensions.Features": {
        "type": "Transitive",
        "resolved": "10.0.12",
        "contentHash": "GaHsj8gISJ4BtRI4iK4meCil+LAYmv3NWuPKg6d29sw9cNsEN+1N8UMQXA/JhUXdrGTy16+B+YtjY3bco/8jMA=="
      },
      "Microsoft.Extensions.Logging": {
        "type": "Transitive",
        "resolved": "10.0.12",
        "contentHash": "6I46fTPfgYkrjRYfRXbho9WOvOelTnNjWuZws/hzGHDASH1LEJeA4VKK9k3wJvido8o7jJSB5WkMTonX7HM1bA==",
        "dependencies": {
          "Microsoft.Extensions.DependencyInjection": "10.0.12",
          "Microsoft.Extensions.Logging.Abstractions": "10.0.12",
          "Microsoft.Extensions.Options": "10.0.12"
        }
      },
      "Microsoft.Extensions.Logging.Abstractions": {
        "type": "Transitive",
        "resolved": "10.0.12",
        "contentHash": "+24lC4plfbEDNfLAdTV/SWKS7dW+16X4HdydO3R++134kSNTzcbYA4KpR1Hdh6uWisB8Za3AzwyOn+K+NxWIug==",
        "dependencies": {
          "Microsoft.Extensions.DependencyInjection.Abstractions": "10.0.12"
        }
      },
      "Microsoft.Extensions.Options": {
        "type": "Transitive",
        "resolved": "10.0.12",
        "contentHash": "TDYD33TSRpXKZWlmTXNlj5kCihxatmv2Ec1u6C+bMYLphCS7PoSLE9Pjd/nunDoE7yETk+LLKjVJX78HYtWjpA==",
        "dependencies": {
          "Microsoft.Extensions.DependencyInjection.Abstractions": "10.0.12",
          "Microsoft.Extensions.Primitives": "10.0.12"
        }
      },
      "Microsoft.Extensions.Primitives": {
        "type": "Transitive",
        "resolved": "10.0.12",
        "contentHash": "dYfCLR52UA+3DL7C4I/pvSaRPkNqxrUAQmbFL2u0zvYKKzqgrFCJl08Df+F1aYc8leu9JvpC9bsURUdpExcBXQ=="
      }
    },
    "net10.0-windows7.0/win-x64": {}
  }
}